
Microsoft Visual Studio Solution File, Format Version 12.00
# Visual Studio 14
VisualStudioVersion = 14.0.23107.0
MinimumVisualStudioVersion = 10.0.40219.1
Project("{8BB2217D-0F2D-49D1-97BC-3654ED321F3B}") = "Microsoft.Practices.ServiceLocation", "main\Microsoft.Practices.ServiceLocation\Microsoft.Practices.ServiceLocation.xproj", "{E7255FBC-9358-4898-86B3-39F19BC18E38}"
EndProject
Project("{8BB2217D-0F2D-49D1-97BC-3654ED321F3B}") = "ServiceLocation.Tests", "main\ServiceLocation.Tests\ServiceLocation.Tests.xproj", "{73E06980-FBFA-4B0A-9EF7-E6FA9DE026D7}"
EndProject
Global
	GlobalSection(SolutionConfigurationPlatforms) = preSolution
		Debug|Any CPU = Debug|Any CPU
		Release|Any CPU = Release|Any CPU
	EndGlobalSection
	GlobalSection(ProjectConfigurationPlatforms) = postSolution
		{E7255FBC-9358-4898-86B3-39F19BC18E38}.Debug|Any CPU.ActiveCfg = Debug|Any CPU
		{E7255FBC-9358-4898-86B3-39F19BC18E38}.Debug|Any CPU.Build.0 = Debug|Any CPU
		{E7255FBC-9358-4898-86B3-39F19BC18E38}.Release|Any CPU.ActiveCfg = Release|Any CPU
		{E7255FBC-9358-4898-86B3-39F19BC18E38}.Release|Any CPU.Build.0 = Release|Any CPU
		{73E06980-FBFA-4B0A-9EF7-E6FA9DE026D7}.Debug|Any CPU.ActiveCfg = Debug|Any CPU
		{73E06980-FBFA-4B0A-9EF7-E6FA9DE026D7}.Debug|Any CPU.Build.0 = Debug|Any CPU
		{73E06980-FBFA-4B0A-9EF7-E6FA9DE026D7}.Release|Any CPU.ActiveCfg = Release|Any CPU
		{73E06980-FBFA-4B0A-9EF7-E6FA9DE026D7}.Release|Any CPU.Build.0 = Release|Any CPU
	EndGlobalSection
	GlobalSection(SolutionProperties) = preSolution
		HideSolutionNode = FALSE
	EndGlobalSection
EndGlobal
